
Microsoft Visual Studio Solution File, Format Version 12.00
# Visual Studio Version 16
VisualStudioVersion = 16.0.30611.23
MinimumVisualStudioVersion = 10.0.40219.1
Project("{FAE04EC0-301F-11D3-BF4B-00C04F79EFBC}") = "DivisionExample", "DivisionExample\DivisionExample.csproj", "{EB67F1EE-14AE-46C7-8F06-8E9A55E5EAFB}"
EndProject
Project("{FAE04EC0-301F-11D3-BF4B-00C04F79EFBC}") = "DivisonExample.Tests", "DivisonExample.Tests\DivisonExample.Tests.csproj", "{8EDF4429-251A-416D-BB68-93F227191BCF}"
EndProject
Project("{9A19103F-16F7-4668-BE54-9A1E7A4F7556}") = "TestProject1", "TestProject1\TestProject1.csproj", "{E2A44701-CB8C-41BA-A519-9B7BF44C9F8C}"
EndProject
Project("{9A19103F-16F7-4668-BE54-9A1E7A4F7556}") = "Calculator.NUnit", "Calculator.NUnit\Calculator.NUnit.csproj", "{1E41951B-72E4-4F23-8B09-3C7ACEDA36C7}"
EndProject
Project("{FAE04EC0-301F-11D3-BF4B-00C04F79EFBC}") = "TestDivisionExample.NUnit", "TestDivisionExample.NUnit\TestDivisionExample.NUnit.csproj", "{0ED29880-C030-4D34-AA63-3246B3761F4A}"
EndProject
Global
	GlobalSection(SolutionConfigurationPlatforms) = preSolution
		Debug|Any CPU = Debug|Any CPU
		Release|Any CPU = Release|Any CPU
	EndGlobalSection
	GlobalSection(ProjectConfigurationPlatforms) = postSolution
		{EB67F1EE-14AE-46C7-8F06-8E9A55E5EAFB}.Debug|Any CPU.ActiveCfg = Debug|Any CPU
		{EB67F1EE-14AE-46C7-8F06-8E9A55E5EAFB}.Debug|Any CPU.Build.0 = Debug|Any CPU
		{EB67F1EE-14AE-46C7-8F06-8E9A55E5EAFB}.Release|Any CPU.ActiveCfg = Release|Any CPU
		{EB67F1EE-14AE-46C7-8F06-8E9A55E5EAFB}.Release|Any CPU.Build.0 = Release|Any CPU
		{8EDF4429-251A-416D-BB68-93F227191BCF}.Debug|Any CPU.ActiveCfg = Debug|Any CPU
		{8EDF4429-251A-416D-BB68-93F227191BCF}.Debug|Any CPU.Build.0 = Debug|Any CPU
		{8EDF4429-251A-416D-BB68-93F227191BCF}.Release|Any CPU.ActiveCfg = Release|Any CPU
		{8EDF4429-251A-416D-BB68-93F227191BCF}.Release|Any CPU.Build.0 = Release|Any CPU
		{E2A44701-CB8C-41BA-A519-9B7BF44C9F8C}.Debug|Any CPU.ActiveCfg = Debug|Any CPU
		{E2A44701-CB8C-41BA-A519-9B7BF44C9F8C}.Debug|Any CPU.Build.0 = Debug|Any CPU
		{E2A44701-CB8C-41BA-A519-9B7BF44C9F8C}.Release|Any CPU.ActiveCfg = Release|Any CPU
		{E2A44701-CB8C-41BA-A519-9B7BF44C9F8C}.Release|Any CPU.Build.0 = Release|Any CPU
		{1E41951B-72E4-4F23-8B09-3C7ACEDA36C7}.Debug|Any CPU.ActiveCfg = Debug|Any CPU
		{1E41951B-72E4-4F23-8B09-3C7ACEDA36C7}.Debug|Any CPU.Build.0 = Debug|Any CPU
		{1E41951B-72E4-4F23-8B09-3C7ACEDA36C7}.Release|Any CPU.ActiveCfg = Release|Any CPU
		{1E41951B-72E4-4F23-8B09-3C7ACEDA36C7}.Release|Any CPU.Build.0 = Release|Any CPU
		{0ED29880-C030-4D34-AA63-3246B3761F4A}.Debug|Any CPU.ActiveCfg = Debug|Any CPU
		{0ED29880-C030-4D34-AA63-3246B3761F4A}.Debug|Any CPU.Build.0 = Debug|Any CPU
		{0ED29880-C030-4D34-AA63-3246B3761F4A}.Release|Any CPU.ActiveCfg = Release|Any CPU
		{0ED29880-C030-4D34-AA63-3246B3761F4A}.Release|Any CPU.Build.0 = Release|Any CPU
	EndGlobalSection
	GlobalSection(SolutionProperties) = preSolution
		HideSolutionNode = FALSE
	EndGlobalSection
	GlobalSection(ExtensibilityGlobals) = postSolution
		SolutionGuid = {C5374D4A-0AE5-4FCC-8059-F9D42B39B72B}
	EndGlobalSection
EndGlobal
